{
  "requires": true,
  "lockfileVersion": 1,
  "dependencies": {
    "vue-cli-plugin-axios": {
      "version": "0.0.4",
      "resolved": "https://registry.npmjs.org/vue-cli-plugin-axios/-/vue-cli-plugin-axios-0.0.4.tgz",
      "integrity": "sha512-p2b/fvPJuPBnvU8027PAAuU5DiOzUn2lku8XLG/f6c8FU0N+/MXWZAlOuHhqd9e7+KIZitwe/c8qlmv7TglbTg==",
      "dev": true
    },
    "vuetify": {
      "version": "2.1.14",
      "resolved": "https://registry.npmjs.org/vuetify/-/vuetify-2.1.14.tgz",
      "integrity": "sha512-DZ1Jq2+PPEXYeh08FGJktB6St0ClZlcwzveCvJmkW16pYkUnimFlW6E3AQxSqxRpcGfZDsE53XkvZ2BGhy+m8Q=="
    }
  }
}
